
Microsoft Visual Studio Solution File, Format Version 12.00
# Visual Studio Version 17
VisualStudioVersion = 17.5.33627.172
MinimumVisualStudioVersion = 10.0.40219.1
Project("{FAE04EC0-301F-11D3-BF4B-00C04F79EFBC}") = "sisterBot", "sisterBot\sisterBot.csproj", "{3DA99081-685F-4D49-B82D-8525C0A6B082}"
EndProject
Global
	GlobalSection(SolutionConfigurationPlatforms) = preSolution
		Debug|Any CPU = Debug|Any CPU
		Release|Any CPU = Release|Any CPU
	EndGlobalSection
	GlobalSection(ProjectConfigurationPlatforms) = postSolution
		{3DA99081-685F-4D49-B82D-8525C0A6B082}.Debug|Any CPU.ActiveCfg = Debug|Any CPU
		{3DA99081-685F-4D49-B82D-8525C0A6B082}.Debug|Any CPU.Build.0 = Debug|Any CPU
		{3DA99081-685F-4D49-B82D-8525C0A6B082}.Release|Any CPU.ActiveCfg = Release|Any CPU
		{3DA99081-685F-4D49-B82D-8525C0A6B082}.Release|Any CPU.Build.0 = Release|Any CPU
	EndGlobalSection
	GlobalSection(SolutionProperties) = preSolution
		HideSolutionNode = FALSE
	EndGlobalSection
	GlobalSection(ExtensibilityGlobals) = postSolution
		SolutionGuid = {A81BC481-6F58-4AF1-8B96-68DA7461C0D2}
	EndGlobalSection
EndGlobal
